lockfileVersion: '6.0'

settings:
  autoInstallPeers: true
  excludeLinksFromLockfile: false

devDependencies:
  '@sentry/spotlight-tsconfig':
    specifier: workspace:*
    version: link:../tsconfig
  '@types/node':
    specifier: ^18
    version: 18.18.8

packages:

  /@types/node@18.18.8:
    resolution: {integrity: sha512-OLGBaaK5V3VRBS1bAkMVP2/W9B+H8meUfl866OrMNQqt7wDgdpWPp5o6gmIc9pB+lIQHSq4ZL8ypeH1vPxcPaQ==}
    dependencies:
      undici-types: 5.26.5
    dev: true

  /undici-types@5.26.5:
    resolution: {integrity: sha512-JlCMO+ehdEIKqlFxk6IfVoAUVmgz7cU7zD/h9XZ0qzeosSHmUJVOzSQvvYSYWXkFXC+IfLKSIffhv0sVZup6pA==}
    dev: true
